PODS:
  - SendBirdSDK (3.0.200)
  - SendBirdUIKit (1.2.0):
    - SendBirdSDK (~> 3.0.200)

DEPENDENCIES:
  - SendBirdUIKit

SPEC REPOS:
  trunk:
    - SendBirdSDK
    - SendBirdUIKit

SPEC CHECKSUMS:
  SendBirdSDK: b907652b5392b93bd9b7dbf5a0527a374db35ccc
  SendBirdUIKit: 564708d69c7f5b2e450426cfc7639e60f4283bbb

PODFILE CHECKSUM: f88ab86afcb74e8432f2823198063f649ea3da66

COCOAPODS: 1.9.3
