PODS:
  - SendBirdSDK (3.0.187)
  - SendBirdUIKit (1.0.11):
    - SendBirdSDK (~> 3.0.186)

DEPENDENCIES:
  - SendBirdUIKit

SPEC REPOS:
  trunk:
    - SendBirdSDK
    - SendBirdUIKit

SPEC CHECKSUMS:
  SendBirdSDK: 5d16d0cb28390169d539e0f54bd0a4f8008e408b
  SendBirdUIKit: faaeaca950ad4f00c801b8fe6b3194cf2dcba1fa

PODFILE CHECKSUM: f88ab86afcb74e8432f2823198063f649ea3da66

COCOAPODS: 1.9.3
