// !$*UTF8*$!
{
	archiveVersion = 1;
	classes = {
	};
	objectVersion = 51;
	objects = {

/* Begin PBXBuildFile section */
		2320D23676A0051B0E2E8B8C /* libPods-SendBirdUIKit-Sample.a in Frameworks */ = {isa = PBXBuildFile; fileRef = 707286E9F4FB5E6C041CB07D /* libPods-SendBirdUIKit-Sample.a */; };
		9C32648124B37DD2000F8313 /* CustomUserMessageCell.swift in Sources */ = {isa = PBXBuildFile; fileRef = 9C32648024B37DD2000F8313 /* CustomUserMessageCell.swift */; };
		9C32648324B38FAF000F8313 /* ChannelSettingsVC_Overriding.swift in Sources */ = {isa = PBXBuildFile; fileRef = 9C32648224B38FAF000F8313 /* ChannelSettingsVC_Overriding.swift */; };
		9C32648524B3907E000F8313 /* CreateChannelVC_UserList.swift in Sources */ = {isa = PBXBuildFile; fileRef = 9C32648424B3907E000F8313 /* CreateChannelVC_UserList.swift */; };
		9C32648724B39090000F8313 /* InviteUserVC_UserList.swift in Sources */ = {isa = PBXBuildFile; fileRef = 9C32648624B39090000F8313 /* InviteUserVC_UserList.swift */; };
		9C56414C24AF29C00057B529 /* CustomSampleEnums.swift in Sources */ = {isa = PBXBuildFile; fileRef = 9C56414B24AF29C00057B529 /* CustomSampleEnums.swift */; };
		9C56415424AF99E70057B529 /* ChannelVC_MessageParam.swift in Sources */ = {isa = PBXBuildFile; fileRef = 9C56415324AF99E70057B529 /* ChannelVC_MessageParam.swift */; };
		9C5DCD49242AFA7C00C41106 /* UserNotifications.framework in Frameworks */ = {isa = PBXBuildFile; fileRef = 9C5DCD48242AFA7C00C41106 /* UserNotifications.framework */; };
		9C777D5B241B9022006FFE25 /* AppDelegate.swift in Sources */ = {isa = PBXBuildFile; fileRef = 9C777D5A241B9022006FFE25 /* AppDelegate.swift */; };
		9C777D5F241B9022006FFE25 /* ViewController.swift in Sources */ = {isa = PBXBuildFile; fileRef = 9C777D5E241B9022006FFE25 /* ViewController.swift */; };
		9C777D62241B9022006FFE25 /* Main.storyboard in Resources */ = {isa = PBXBuildFile; fileRef = 9C777D60241B9022006FFE25 /* Main.storyboard */; };
		9C777D64241B9024006FFE25 /* Assets.xcassets in Resources */ = {isa = PBXBuildFile; fileRef = 9C777D63241B9024006FFE25 /* Assets.xcassets */; };
		9C777D67241B9024006FFE25 /* LaunchScreen.storyboard in Resources */ = {isa = PBXBuildFile; fileRef = 9C777D65241B9024006FFE25 /* LaunchScreen.storyboard */; };
		9CC8E2F52510C53A00C038A5 /* MySettingsCell.swift in Sources */ = {isa = PBXBuildFile; fileRef = 9CC8E2F42510C53A00C038A5 /* MySettingsCell.swift */; };
		9CDDA30324B47FF200F77A59 /* CustomUserCell.swift in Sources */ = {isa = PBXBuildFile; fileRef = 9CDDA30224B47FF200F77A59 /* CustomUserCell.swift */; };
		9CDDA30524B4DA8600F77A59 /* MemberListVC_Cell.swift in Sources */ = {isa = PBXBuildFile; fileRef = 9CDDA30424B4DA8600F77A59 /* MemberListVC_Cell.swift */; };
		9CDDA30724B4DA9000F77A59 /* MemberListVC_Overriding.swift in Sources */ = {isa = PBXBuildFile; fileRef = 9CDDA30624B4DA9000F77A59 /* MemberListVC_Overriding.swift */; };
		9CDDA30924B4DCF500F77A59 /* InviteUserVC_Cell.swift in Sources */ = {isa = PBXBuildFile; fileRef = 9CDDA30824B4DCF500F77A59 /* InviteUserVC_Cell.swift */; };
		9CDDA30B24B4DE0600F77A59 /* CreateChannelVC_Cell.swift in Sources */ = {isa = PBXBuildFile; fileRef = 9CDDA30A24B4DE0600F77A59 /* CreateChannelVC_Cell.swift */; };
		9CDDA30D24B555E500F77A59 /* CustomEmptyView.swift in Sources */ = {isa = PBXBuildFile; fileRef = 9CDDA30C24B555E500F77A59 /* CustomEmptyView.swift */; };
		9CDDA31724B6F39700F77A59 /* CustomNewMessageInfo.swift in Sources */ = {isa = PBXBuildFile; fileRef = 9CDDA31624B6F39700F77A59 /* CustomNewMessageInfo.swift */; };
		9CDDA31924B714A700F77A59 /* BaseCustomManager.swift in Sources */ = {isa = PBXBuildFile; fileRef = 9CDDA31824B714A700F77A59 /* BaseCustomManager.swift */; };
		9CDDA31B24B720A300F77A59 /* ChannelVC_Overriding.swift in Sources */ = {isa = PBXBuildFile; fileRef = 9CDDA31A24B720A300F77A59 /* ChannelVC_Overriding.swift */; };
		9CDDA31D24BEF1A300F77A59 /* UIcolor+Ext.swift in Sources */ = {isa = PBXBuildFile; fileRef = 9CDDA31C24BEF1A300F77A59 /* UIcolor+Ext.swift */; };
		9CEB7796250F4A42004AC1D6 /* MySettingsViewController.swift in Sources */ = {isa = PBXBuildFile; fileRef = 9CEB7794250F4A42004AC1D6 /* MySettingsViewController.swift */; };
		9CEB7797250F4A42004AC1D6 /* MainTabbarController.swift in Sources */ = {isa = PBXBuildFile; fileRef = 9CEB7795250F4A42004AC1D6 /* MainTabbarController.swift */; };
		9CEB7799250F5E2F004AC1D6 /* ChannelListViewController.swift in Sources */ = {isa = PBXBuildFile; fileRef = 9CEB7798250F5E2F004AC1D6 /* ChannelListViewController.swift */; };
		9CEB779B250F62A8004AC1D6 /* UIImage+Ext.swift in Sources */ = {isa = PBXBuildFile; fileRef = 9CEB779A250F62A8004AC1D6 /* UIImage+Ext.swift */; };
		9CEB77A0250F7948004AC1D6 /* UserInfoTitleView.swift in Sources */ = {isa = PBXBuildFile; fileRef = 9CEB779F250F7948004AC1D6 /* UserInfoTitleView.swift */; };
		9CED4CF024AC817400D81B10 /* UIView+Ext.swift in Sources */ = {isa = PBXBuildFile; fileRef = 9CED4CEF24AC817400D81B10 /* UIView+Ext.swift */; };
		9CED4CF224AC81E200D81B10 /* UILabel+Ext.swift in Sources */ = {isa = PBXBuildFile; fileRef = 9CED4CF124AC81E200D81B10 /* UILabel+Ext.swift */; };
		9CED4CF424AC86BB00D81B10 /* CustomBaseViewController.swift in Sources */ = {isa = PBXBuildFile; fileRef = 9CED4CF324AC86BB00D81B10 /* CustomBaseViewController.swift */; };
		9CED4D0524ADA20B00D81B10 /* GlobalSetCustomManager.swift in Sources */ = {isa = PBXBuildFile; fileRef = 9CED4D0424ADA20B00D81B10 /* GlobalSetCustomManager.swift */; };
		9CED4D0724ADA66200D81B10 /* UserDefaults+Ext.swift in Sources */ = {isa = PBXBuildFile; fileRef = 9CED4D0624ADA66200D81B10 /* UserDefaults+Ext.swift */; };
		9CED4D0B24ADE36100D81B10 /* ChannelListVC_Overriding.swift in Sources */ = {isa = PBXBuildFile; fileRef = 9CED4D0A24ADE36100D81B10 /* ChannelListVC_Overriding.swift */; };
		9CED4D0F24ADE3F800D81B10 /* ChannelListCustomManager.swift in Sources */ = {isa = PBXBuildFile; fileRef = 9CED4D0E24ADE3F800D81B10 /* ChannelListCustomManager.swift */; };
		9CED4D1124ADE40700D81B10 /* ChannelCustomManager.swift in Sources */ = {isa = PBXBuildFile; fileRef = 9CED4D1024ADE40700D81B10 /* ChannelCustomManager.swift */; };
		9CED4D1324ADE41200D81B10 /* ChannelSettingsCustomManager.swift in Sources */ = {isa = PBXBuildFile; fileRef = 9CED4D1224ADE41200D81B10 /* ChannelSettingsCustomManager.swift */; };
		9CED4D1524ADE41B00D81B10 /* CreateChannelCustomManager.swift in Sources */ = {isa = PBXBuildFile; fileRef = 9CED4D1424ADE41B00D81B10 /* CreateChannelCustomManager.swift */; };
		9CED4D1724ADE42200D81B10 /* InviteUserCustomManager.swift in Sources */ = {isa = PBXBuildFile; fileRef = 9CED4D1624ADE42200D81B10 /* InviteUserCustomManager.swift */; };
		9CED4D1924ADE42A00D81B10 /* MemberListCustomManager.swift in Sources */ = {isa = PBXBuildFile; fileRef = 9CED4D1824ADE42A00D81B10 /* MemberListCustomManager.swift */; };
		9CED4D1C24ADE69900D81B10 /* CustomChannelListCell.swift in Sources */ = {isa = PBXBuildFile; fileRef = 9CED4D1B24ADE69900D81B10 /* CustomChannelListCell.swift */; };
		9CED4D1F24AF02D800D81B10 /* SampleManager.swift in Sources */ = {isa = PBXBuildFile; fileRef = 9CED4D1E24AF02D800D81B10 /* SampleManager.swift */; };
/* End PBXBuildFile section */

/* Begin PBXFileReference section */
		707286E9F4FB5E6C041CB07D /* libPods-SendBirdUIKit-Sample.a */ = {isa = PBXFileReference; explicitFileType = archive.ar; includeInIndex = 0; path = "libPods-SendBirdUIKit-Sample.a"; sourceTree = BUILT_PRODUCTS_DIR; };
		7421701286ECCC463A517183 /* Pods-SendBirdUIKit-Sample.debug.xcconfig */ = {isa = PBXFileReference; includeInIndex = 1; lastKnownFileType = text.xcconfig; name = "Pods-SendBirdUIKit-Sample.debug.xcconfig"; path = "Target Support Files/Pods-SendBirdUIKit-Sample/Pods-SendBirdUIKit-Sample.debug.xcconfig"; sourceTree = "<group>"; };
		9C32648024B37DD2000F8313 /* CustomUserMessageCell.swift */ = {isa = PBXFileReference; lastKnownFileType = sourcecode.swift; path = CustomUserMessageCell.swift; sourceTree = "<group>"; };
		9C32648224B38FAF000F8313 /* ChannelSettingsVC_Overriding.swift */ = {isa = PBXFileReference; lastKnownFileType = sourcecode.swift; path = ChannelSettingsVC_Overriding.swift; sourceTree = "<group>"; };
		9C32648424B3907E000F8313 /* CreateChannelVC_UserList.swift */ = {isa = PBXFileReference; lastKnownFileType = sourcecode.swift; path = CreateChannelVC_UserList.swift; sourceTree = "<group>"; };
		9C32648624B39090000F8313 /* InviteUserVC_UserList.swift */ = {isa = PBXFileReference; lastKnownFileType = sourcecode.swift; path = InviteUserVC_UserList.swift; sourceTree = "<group>"; };
		9C56414B24AF29C00057B529 /* CustomSampleEnums.swift */ = {isa = PBXFileReference; lastKnownFileType = sourcecode.swift; path = CustomSampleEnums.swift; sourceTree = "<group>"; };
		9C56415324AF99E70057B529 /* ChannelVC_MessageParam.swift */ = {isa = PBXFileReference; lastKnownFileType = sourcecode.swift; path = ChannelVC_MessageParam.swift; sourceTree = "<group>"; };
		9C5DCD47242AF8FC00C41106 /* SendBirdUIKit-Sample copy-Info.plist */ = {isa = PBXFileReference; lastKnownFileType = text.plist.xml; name = "SendBirdUIKit-Sample copy-Info.plist"; path = "/Users/tez.park/Documents/2_Dev/2_Sample/UIKit-iOS-Sample/SendBirdUIKit-Sample copy-Info.plist"; sourceTree = "<absolute>"; };
		9C5DCD48242AFA7C00C41106 /* UserNotifications.framework */ = {isa = PBXFileReference; lastKnownFileType = wrapper.framework; name = UserNotifications.framework; path = System/Library/Frameworks/UserNotifications.framework; sourceTree = SDKROOT; };
		9C5DCD4D242B0C7E00C41106 /* libicucore.tbd */ = {isa = PBXFileReference; lastKnownFileType = "sourcecode.text-based-dylib-definition"; name = libicucore.tbd; path = usr/lib/libicucore.tbd; sourceTree = SDKROOT; };
		9C777D57241B9022006FFE25 /* SendBirdUIKit-Sample.app */ = {isa = PBXFileReference; explicitFileType = wrapper.application; includeInIndex = 0; path = "SendBirdUIKit-Sample.app"; sourceTree = BUILT_PRODUCTS_DIR; };
		9C777D5A241B9022006FFE25 /* AppDelegate.swift */ = {isa = PBXFileReference; lastKnownFileType = sourcecode.swift; path = AppDelegate.swift; sourceTree = "<group>"; };
		9C777D5E241B9022006FFE25 /* ViewController.swift */ = {isa = PBXFileReference; lastKnownFileType = sourcecode.swift; path = ViewController.swift; sourceTree = "<group>"; };
		9C777D61241B9022006FFE25 /* Base */ = {isa = PBXFileReference; lastKnownFileType = file.storyboard; name = Base; path = Base.lproj/Main.storyboard; sourceTree = "<group>"; };
		9C777D63241B9024006FFE25 /* Assets.xcassets */ = {isa = PBXFileReference; lastKnownFileType = folder.assetcatalog; path = Assets.xcassets; sourceTree = "<group>"; };
		9C777D66241B9024006FFE25 /* Base */ = {isa = PBXFileReference; lastKnownFileType = file.storyboard; name = Base; path = Base.lproj/LaunchScreen.storyboard; sourceTree = "<group>"; };
		9C777D68241B9024006FFE25 /* Info.plist */ = {isa = PBXFileReference; lastKnownFileType = text.plist.xml; path = Info.plist; sourceTree = "<group>"; };
		9C777D77241B9078006FFE25 /* SendBirdUIKit-Sample.entitlements */ = {isa = PBXFileReference; lastKnownFileType = text.plist.entitlements; path = "SendBirdUIKit-Sample.entitlements"; sourceTree = "<group>"; };
		9CC8E2F42510C53A00C038A5 /* MySettingsCell.swift */ = {isa = PBXFileReference; lastKnownFileType = sourcecode.swift; path = MySettingsCell.swift; sourceTree = "<group>"; };
		9CDDA30224B47FF200F77A59 /* CustomUserCell.swift */ = {isa = PBXFileReference; lastKnownFileType = sourcecode.swift; path = CustomUserCell.swift; sourceTree = "<group>"; };
		9CDDA30424B4DA8600F77A59 /* MemberListVC_Cell.swift */ = {isa = PBXFileReference; lastKnownFileType = sourcecode.swift; path = MemberListVC_Cell.swift; sourceTree = "<group>"; };
		9CDDA30624B4DA9000F77A59 /* MemberListVC_Overriding.swift */ = {isa = PBXFileReference; lastKnownFileType = sourcecode.swift; path = MemberListVC_Overriding.swift; sourceTree = "<group>"; };
		9CDDA30824B4DCF500F77A59 /* InviteUserVC_Cell.swift */ = {isa = PBXFileReference; lastKnownFileType = sourcecode.swift; path = InviteUserVC_Cell.swift; sourceTree = "<group>"; };
		9CDDA30A24B4DE0600F77A59 /* CreateChannelVC_Cell.swift */ = {isa = PBXFileReference; lastKnownFileType = sourcecode.swift; path = CreateChannelVC_Cell.swift; sourceTree = "<group>"; };
		9CDDA30C24B555E500F77A59 /* CustomEmptyView.swift */ = {isa = PBXFileReference; lastKnownFileType = sourcecode.swift; path = CustomEmptyView.swift; sourceTree = "<group>"; };
		9CDDA31624B6F39700F77A59 /* CustomNewMessageInfo.swift */ = {isa = PBXFileReference; lastKnownFileType = sourcecode.swift; path = CustomNewMessageInfo.swift; sourceTree = "<group>"; };
		9CDDA31824B714A700F77A59 /* BaseCustomManager.swift */ = {isa = PBXFileReference; lastKnownFileType = sourcecode.swift; path = BaseCustomManager.swift; sourceTree = "<group>"; };
		9CDDA31A24B720A300F77A59 /* ChannelVC_Overriding.swift */ = {isa = PBXFileReference; lastKnownFileType = sourcecode.swift; path = ChannelVC_Overriding.swift; sourceTree = "<group>"; };
		9CDDA31C24BEF1A300F77A59 /* UIcolor+Ext.swift */ = {isa = PBXFileReference; lastKnownFileType = sourcecode.swift; path = "UIcolor+Ext.swift"; sourceTree = "<group>"; };
		9CEB7794250F4A42004AC1D6 /* MySettingsViewController.swift */ = {isa = PBXFileReference; fileEncoding = 4; lastKnownFileType = sourcecode.swift; path = MySettingsViewController.swift; sourceTree = "<group>"; };
		9CEB7795250F4A42004AC1D6 /* MainTabbarController.swift */ = {isa = PBXFileReference; fileEncoding = 4; lastKnownFileType = sourcecode.swift; path = MainTabbarController.swift; sourceTree = "<group>"; };
		9CEB7798250F5E2F004AC1D6 /* ChannelListViewController.swift */ = {isa = PBXFileReference; lastKnownFileType = sourcecode.swift; path = ChannelListViewController.swift; sourceTree = "<group>"; };
		9CEB779A250F62A8004AC1D6 /* UIImage+Ext.swift */ = {isa = PBXFileReference; lastKnownFileType = sourcecode.swift; path = "UIImage+Ext.swift"; sourceTree = "<group>"; };
		9CEB779F250F7948004AC1D6 /* UserInfoTitleView.swift */ = {isa = PBXFileReference; lastKnownFileType = sourcecode.swift; path = UserInfoTitleView.swift; sourceTree = "<group>"; };
		9CED4CEF24AC817400D81B10 /* UIView+Ext.swift */ = {isa = PBXFileReference; lastKnownFileType = sourcecode.swift; path = "UIView+Ext.swift"; sourceTree = "<group>"; };
		9CED4CF124AC81E200D81B10 /* UILabel+Ext.swift */ = {isa = PBXFileReference; lastKnownFileType = sourcecode.swift; path = "UILabel+Ext.swift"; sourceTree = "<group>"; };
		9CED4CF324AC86BB00D81B10 /* CustomBaseViewController.swift */ = {isa = PBXFileReference; lastKnownFileType = sourcecode.swift; path = CustomBaseViewController.swift; sourceTree = "<group>"; };
		9CED4D0424ADA20B00D81B10 /* GlobalSetCustomManager.swift */ = {isa = PBXFileReference; lastKnownFileType = sourcecode.swift; path = GlobalSetCustomManager.swift; sourceTree = "<group>"; };
		9CED4D0624ADA66200D81B10 /* UserDefaults+Ext.swift */ = {isa = PBXFileReference; lastKnownFileType = sourcecode.swift; path = "UserDefaults+Ext.swift"; sourceTree = "<group>"; };
		9CED4D0A24ADE36100D81B10 /* ChannelListVC_Overriding.swift */ = {isa = PBXFileReference; lastKnownFileType = sourcecode.swift; path = ChannelListVC_Overriding.swift; sourceTree = "<group>"; };
		9CED4D0E24ADE3F800D81B10 /* ChannelListCustomManager.swift */ = {isa = PBXFileReference; lastKnownFileType = sourcecode.swift; path = ChannelListCustomManager.swift; sourceTree = "<group>"; };
		9CED4D1024ADE40700D81B10 /* ChannelCustomManager.swift */ = {isa = PBXFileReference; lastKnownFileType = sourcecode.swift; path = ChannelCustomManager.swift; sourceTree = "<group>"; };
		9CED4D1224ADE41200D81B10 /* ChannelSettingsCustomManager.swift */ = {isa = PBXFileReference; lastKnownFileType = sourcecode.swift; path = ChannelSettingsCustomManager.swift; sourceTree = "<group>"; };
		9CED4D1424ADE41B00D81B10 /* CreateChannelCustomManager.swift */ = {isa = PBXFileReference; lastKnownFileType = sourcecode.swift; path = CreateChannelCustomManager.swift; sourceTree = "<group>"; };
		9CED4D1624ADE42200D81B10 /* InviteUserCustomManager.swift */ = {isa = PBXFileReference; lastKnownFileType = sourcecode.swift; path = InviteUserCustomManager.swift; sourceTree = "<group>"; };
		9CED4D1824ADE42A00D81B10 /* MemberListCustomManager.swift */ = {isa = PBXFileReference; lastKnownFileType = sourcecode.swift; path = MemberListCustomManager.swift; sourceTree = "<group>"; };
		9CED4D1B24ADE69900D81B10 /* CustomChannelListCell.swift */ = {isa = PBXFileReference; lastKnownFileType = sourcecode.swift; path = CustomChannelListCell.swift; sourceTree = "<group>"; };
		9CED4D1E24AF02D800D81B10 /* SampleManager.swift */ = {isa = PBXFileReference; lastKnownFileType = sourcecode.swift; path = SampleManager.swift; sourceTree = "<group>"; };
		D9AA853E66DC6613E1CCFB10 /* Pods-SendBirdUIKit-Sample.release.xcconfig */ = {isa = PBXFileReference; includeInIndex = 1; lastKnownFileType = text.xcconfig; name = "Pods-SendBirdUIKit-Sample.release.xcconfig"; path = "Target Support Files/Pods-SendBirdUIKit-Sample/Pods-SendBirdUIKit-Sample.release.xcconfig"; sourceTree = "<group>"; };
/* End PBXFileReference section */

/* Begin PBXFrameworksBuildPhase section */
		9C777D54241B9022006FFE25 /* Frameworks */ = {
			isa = PBXFrameworksBuildPhase;
			buildActionMask = 2147483647;
			files = (
				9C5DCD49242AFA7C00C41106 /* UserNotifications.framework in Frameworks */,
				2320D23676A0051B0E2E8B8C /* libPods-SendBirdUIKit-Sample.a in Frameworks */,
			);
			runOnlyForDeploymentPostprocessing = 0;
		};
/* End PBXFrameworksBuildPhase section */

/* Begin PBXGroup section */
		5460078929767A6C021710D0 /* Pods */ = {
			isa = PBXGroup;
			children = (
				7421701286ECCC463A517183 /* Pods-SendBirdUIKit-Sample.debug.xcconfig */,
				D9AA853E66DC6613E1CCFB10 /* Pods-SendBirdUIKit-Sample.release.xcconfig */,
			);
			path = Pods;
			sourceTree = "<group>";
		};
		9C32648A24B42FA4000F8313 /* Common */ = {
			isa = PBXGroup;
			children = (
				9CED4D1E24AF02D800D81B10 /* SampleManager.swift */,
				9C56414B24AF29C00057B529 /* CustomSampleEnums.swift */,
				9CDDA31824B714A700F77A59 /* BaseCustomManager.swift */,
			);
			path = Common;
			sourceTree = "<group>";
		};
		9C32648B24B42FDD000F8313 /* Features */ = {
			isa = PBXGroup;
			children = (
				9CED4D0424ADA20B00D81B10 /* GlobalSetCustomManager.swift */,
				9CED4D0E24ADE3F800D81B10 /* ChannelListCustomManager.swift */,
				9CED4D1024ADE40700D81B10 /* ChannelCustomManager.swift */,
				9CED4D1224ADE41200D81B10 /* ChannelSettingsCustomManager.swift */,
				9CED4D1424ADE41B00D81B10 /* CreateChannelCustomManager.swift */,
				9CED4D1624ADE42200D81B10 /* InviteUserCustomManager.swift */,
				9CED4D1824ADE42A00D81B10 /* MemberListCustomManager.swift */,
			);
			path = Features;
			sourceTree = "<group>";
		};
		9C3FBB4D24AC5AE4006D3C36 /* Customize */ = {
			isa = PBXGroup;
			children = (
				9CED4CF324AC86BB00D81B10 /* CustomBaseViewController.swift */,
				9CED4D2424AF0DF500D81B10 /* Manager */,
				9CED4D2324AF0DEE00D81B10 /* View */,
			);
			path = Customize;
			sourceTree = "<group>";
		};
		9C3FBB4E24AC5B45006D3C36 /* Extension */ = {
			isa = PBXGroup;
			children = (
				9CED4CEF24AC817400D81B10 /* UIView+Ext.swift */,
				9CED4CF124AC81E200D81B10 /* UILabel+Ext.swift */,
				9CED4D0624ADA66200D81B10 /* UserDefaults+Ext.swift */,
				9CDDA31C24BEF1A300F77A59 /* UIcolor+Ext.swift */,
				9CEB779A250F62A8004AC1D6 /* UIImage+Ext.swift */,
			);
			path = Extension;
			sourceTree = "<group>";
		};
		9C56415624B371880057B529 /* SubView */ = {
			isa = PBXGroup;
			children = (
				9C32648024B37DD2000F8313 /* CustomUserMessageCell.swift */,
				9CDDA31624B6F39700F77A59 /* CustomNewMessageInfo.swift */,
			);
			path = SubView;
			sourceTree = "<group>";
		};
		9C56415724B3718F0057B529 /* SubView */ = {
			isa = PBXGroup;
			children = (
				9CED4D1B24ADE69900D81B10 /* CustomChannelListCell.swift */,
			);
			path = SubView;
			sourceTree = "<group>";
		};
		9C777D4E241B9022006FFE25 = {
			isa = PBXGroup;
			children = (
				9C777D59241B9022006FFE25 /* SendBirdUIKit-Sample */,
				9C777D58241B9022006FFE25 /* Products */,
				5460078929767A6C021710D0 /* Pods */,
				A3BC29C7BEE55436EBCAD26A /* Frameworks */,
				9C5DCD47242AF8FC00C41106 /* SendBirdUIKit-Sample copy-Info.plist */,
			);
			sourceTree = "<group>";
		};
		9C777D58241B9022006FFE25 /* Products */ = {
			isa = PBXGroup;
			children = (
				9C777D57241B9022006FFE25 /* SendBirdUIKit-Sample.app */,
			);
			name = Products;
			sourceTree = "<group>";
		};
		9C777D59241B9022006FFE25 /* SendBirdUIKit-Sample */ = {
			isa = PBXGroup;
			children = (
				9C777D77241B9078006FFE25 /* SendBirdUIKit-Sample.entitlements */,
				9C777D5A241B9022006FFE25 /* AppDelegate.swift */,
				9C777D5E241B9022006FFE25 /* ViewController.swift */,
				9CEB779C250F7167004AC1D6 /* Base */,
				9C3FBB4D24AC5AE4006D3C36 /* Customize */,
				9C3FBB4E24AC5B45006D3C36 /* Extension */,
				9C777D60241B9022006FFE25 /* Main.storyboard */,
				9C777D63241B9024006FFE25 /* Assets.xcassets */,
				9C777D65241B9024006FFE25 /* LaunchScreen.storyboard */,
				9C777D68241B9024006FFE25 /* Info.plist */,
			);
			path = "SendBirdUIKit-Sample";
			sourceTree = "<group>";
		};
		9CDDA30124B47FE000F77A59 /* Common */ = {
			isa = PBXGroup;
			children = (
				9CDDA30224B47FF200F77A59 /* CustomUserCell.swift */,
				9CDDA30C24B555E500F77A59 /* CustomEmptyView.swift */,
			);
			path = Common;
			sourceTree = "<group>";
		};
		9CEB779C250F7167004AC1D6 /* Base */ = {
			isa = PBXGroup;
			children = (
				9CEB7795250F4A42004AC1D6 /* MainTabbarController.swift */,
				9CEB779E250F791A004AC1D6 /* Channels */,
				9CEB779D250F7901004AC1D6 /* MySettings */,
			);
			path = Base;
			sourceTree = "<group>";
		};
		9CEB779D250F7901004AC1D6 /* MySettings */ = {
			isa = PBXGroup;
			children = (
				9CEB7794250F4A42004AC1D6 /* MySettingsViewController.swift */,
				9CEB779F250F7948004AC1D6 /* UserInfoTitleView.swift */,
				9CC8E2F42510C53A00C038A5 /* MySettingsCell.swift */,
			);
			path = MySettings;
			sourceTree = "<group>";
		};
		9CEB779E250F791A004AC1D6 /* Channels */ = {
			isa = PBXGroup;
			children = (
				9CEB7798250F5E2F004AC1D6 /* ChannelListViewController.swift */,
			);
			path = Channels;
			sourceTree = "<group>";
		};
		9CED4CE624AC6D0E00D81B10 /* ChannelList */ = {
			isa = PBXGroup;
			children = (
				9CED4D0A24ADE36100D81B10 /* ChannelListVC_Overriding.swift */,
				9C56415724B3718F0057B529 /* SubView */,
			);
			path = ChannelList;
			sourceTree = "<group>";
		};
		9CED4CE724AC6D1400D81B10 /* Channel */ = {
			isa = PBXGroup;
			children = (
				9C56415324AF99E70057B529 /* ChannelVC_MessageParam.swift */,
				9CDDA31A24B720A300F77A59 /* ChannelVC_Overriding.swift */,
				9C56415624B371880057B529 /* SubView */,
			);
			path = Channel;
			sourceTree = "<group>";
		};
		9CED4CF624ACD74000D81B10 /* CreateChannel */ = {
			isa = PBXGroup;
			children = (
				9CDDA30A24B4DE0600F77A59 /* CreateChannelVC_Cell.swift */,
				9C32648424B3907E000F8313 /* CreateChannelVC_UserList.swift */,
			);
			path = CreateChannel;
			sourceTree = "<group>";
		};
		9CED4CF824ACD74B00D81B10 /* MemberList */ = {
			isa = PBXGroup;
			children = (
				9CDDA30424B4DA8600F77A59 /* MemberListVC_Cell.swift */,
				9CDDA30624B4DA9000F77A59 /* MemberListVC_Overriding.swift */,
			);
			path = MemberList;
			sourceTree = "<group>";
		};
		9CED4CF924ACD75F00D81B10 /* ChannelSettings */ = {
			isa = PBXGroup;
			children = (
				9C32648224B38FAF000F8313 /* ChannelSettingsVC_Overriding.swift */,
			);
			path = ChannelSettings;
			sourceTree = "<group>";
		};
		9CED4D2324AF0DEE00D81B10 /* View */ = {
			isa = PBXGroup;
			children = (
				9CED4CE624AC6D0E00D81B10 /* ChannelList */,
				9CED4CE724AC6D1400D81B10 /* Channel */,
				9CED4CF924ACD75F00D81B10 /* ChannelSettings */,
				9CED4CF624ACD74000D81B10 /* CreateChannel */,
				9CED4D2524AF0E2300D81B10 /* InviteUser */,
				9CED4CF824ACD74B00D81B10 /* MemberList */,
				9CDDA30124B47FE000F77A59 /* Common */,
			);
			path = View;
			sourceTree = "<group>";
		};
		9CED4D2424AF0DF500D81B10 /* Manager */ = {
			isa = PBXGroup;
			children = (
				9C32648B24B42FDD000F8313 /* Features */,
				9C32648A24B42FA4000F8313 /* Common */,
			);
			path = Manager;
			sourceTree = "<group>";
		};
		9CED4D2524AF0E2300D81B10 /* InviteUser */ = {
			isa = PBXGroup;
			children = (
				9CDDA30824B4DCF500F77A59 /* InviteUserVC_Cell.swift */,
				9C32648624B39090000F8313 /* InviteUserVC_UserList.swift */,
			);
			path = InviteUser;
			sourceTree = "<group>";
		};
		A3BC29C7BEE55436EBCAD26A /* Frameworks */ = {
			isa = PBXGroup;
			children = (
				9C5DCD4D242B0C7E00C41106 /* libicucore.tbd */,
				9C5DCD48242AFA7C00C41106 /* UserNotifications.framework */,
				707286E9F4FB5E6C041CB07D /* libPods-SendBirdUIKit-Sample.a */,
			);
			name = Frameworks;
			sourceTree = "<group>";
		};
/* End PBXGroup section */

/* Begin PBXNativeTarget section */
		9C777D56241B9022006FFE25 /* SendBirdUIKit-Sample */ = {
			isa = PBXNativeTarget;
			buildConfigurationList = 9C777D6B241B9024006FFE25 /* Build configuration list for PBXNativeTarget "SendBirdUIKit-Sample" */;
			buildPhases = (
				7443622FE3A61E512E974DA8 /* [CP] Check Pods Manifest.lock */,
				9C777D53241B9022006FFE25 /* Sources */,
				9C777D54241B9022006FFE25 /* Frameworks */,
				9C777D55241B9022006FFE25 /* Resources */,
				2870C46109E9C2A811A49C2F /* [CP] Embed Pods Frameworks */,
				9C442672241CCE0A00FE9975 /* ShellScript */,
			);
			buildRules = (
			);
			dependencies = (
			);
			name = "SendBirdUIKit-Sample";
			productName = "SendBirdUIKit-Sample";
			productReference = 9C777D57241B9022006FFE25 /* SendBirdUIKit-Sample.app */;
			productType = "com.apple.product-type.application";
		};
/* End PBXNativeTarget section */

/* Begin PBXProject section */
		9C777D4F241B9022006FFE25 /* Project object */ = {
			isa = PBXProject;
			attributes = {
				LastSwiftUpdateCheck = 1130;
				LastUpgradeCheck = 1150;
				ORGANIZATIONNAME = "SendBird, Inc";
				TargetAttributes = {
					9C777D56241B9022006FFE25 = {
						CreatedOnToolsVersion = 11.3.1;
					};
				};
			};
			buildConfigurationList = 9C777D52241B9022006FFE25 /* Build configuration list for PBXProject "SendBirdUIKit-Sample" */;
			compatibilityVersion = "Xcode 9.3";
			developmentRegion = en;
			hasScannedForEncodings = 0;
			knownRegions = (
				en,
				Base,
			);
			mainGroup = 9C777D4E241B9022006FFE25;
			productRefGroup = 9C777D58241B9022006FFE25 /* Products */;
			projectDirPath = "";
			projectRoot = "";
			targets = (
				9C777D56241B9022006FFE25 /* SendBirdUIKit-Sample */,
			);
		};
/* End PBXProject section */

/* Begin PBXResourcesBuildPhase section */
		9C777D55241B9022006FFE25 /* Resources */ = {
			isa = PBXResourcesBuildPhase;
			buildActionMask = 2147483647;
			files = (
				9C777D67241B9024006FFE25 /* LaunchScreen.storyboard in Resources */,
				9C777D64241B9024006FFE25 /* Assets.xcassets in Resources */,
				9C777D62241B9022006FFE25 /* Main.storyboard in Resources */,
			);
			runOnlyForDeploymentPostprocessing = 0;
		};
/* End PBXResourcesBuildPhase section */

/* Begin PBXShellScriptBuildPhase section */
		2870C46109E9C2A811A49C2F /* [CP] Embed Pods Frameworks */ = {
			isa = PBXShellScriptBuildPhase;
			buildActionMask = 2147483647;
			files = (
			);
			inputFileListPaths = (
				"${PODS_ROOT}/Target Support Files/Pods-SendBirdUIKit-Sample/Pods-SendBirdUIKit-Sample-frameworks-${CONFIGURATION}-input-files.xcfilelist",
			);
			name = "[CP] Embed Pods Frameworks";
			outputFileListPaths = (
				"${PODS_ROOT}/Target Support Files/Pods-SendBirdUIKit-Sample/Pods-SendBirdUIKit-Sample-frameworks-${CONFIGURATION}-output-files.xcfilelist",
			);
			runOnlyForDeploymentPostprocessing = 0;
			shellPath = /bin/sh;
			shellScript = "\"${PODS_ROOT}/Target Support Files/Pods-SendBirdUIKit-Sample/Pods-SendBirdUIKit-Sample-frameworks.sh\"\n";
			showEnvVarsInLog = 0;
		};
		7443622FE3A61E512E974DA8 /* [CP] Check Pods Manifest.lock */ = {
			isa = PBXShellScriptBuildPhase;
			buildActionMask = 2147483647;
			files = (
			);
			inputFileListPaths = (
			);
			inputPaths = (
				"${PODS_PODFILE_DIR_PATH}/Podfile.lock",
				"${PODS_ROOT}/Manifest.lock",
			);
			name = "[CP] Check Pods Manifest.lock";
			outputFileListPaths = (
			);
			outputPaths = (
				"$(DERIVED_FILE_DIR)/Pods-SendBirdUIKit-Sample-checkManifestLockResult.txt",
			);
			runOnlyForDeploymentPostprocessing = 0;
			shellPath = /bin/sh;
			shellScript = "diff \"${PODS_PODFILE_DIR_PATH}/Podfile.lock\" \"${PODS_ROOT}/Manifest.lock\" > /dev/null\nif [ $? != 0 ] ; then\n    # print error to STDERR\n    echo \"error: The sandbox is not in sync with the Podfile.lock. Run 'pod install' or update your CocoaPods installation.\" >&2\n    exit 1\nfi\n# This output is used by Xcode 'outputs' to avoid re-running this script phase.\necho \"SUCCESS\" > \"${SCRIPT_OUTPUT_FILE_0}\"\n";
			showEnvVarsInLog = 0;
		};
		9C442672241CCE0A00FE9975 /* ShellScript */ = {
			isa = PBXShellScriptBuildPhase;
			buildActionMask = 2147483647;
			files = (
			);
			inputFileListPaths = (
			);
			inputPaths = (
			);
			outputFileListPaths = (
			);
			outputPaths = (
			);
			runOnlyForDeploymentPostprocessing = 0;
			shellPath = /bin/sh;
			shellScript = "APP_PATH=\"${TARGET_BUILD_DIR}/${WRAPPER_NAME}\"\n\n# This script loops through the frameworks embedded in the application and\n# removes unused architectures.\nfind \"$APP_PATH\" -name '*.framework' -type d | while read -r FRAMEWORK\ndo\n    FRAMEWORK_EXECUTABLE_NAME=$(defaults read \"$FRAMEWORK/Info.plist\" CFBundleExecutable)\n    FRAMEWORK_EXECUTABLE_PATH=\"$FRAMEWORK/$FRAMEWORK_EXECUTABLE_NAME\"\n    echo \"Executable is $FRAMEWORK_EXECUTABLE_PATH\"\n\n    EXTRACTED_ARCHS=()\n\n    for ARCH in $ARCHS\n    do\n        echo \"Extracting $ARCH from $FRAMEWORK_EXECUTABLE_NAME\"\n        lipo -extract \"$ARCH\" \"$FRAMEWORK_EXECUTABLE_PATH\" -o \"$FRAMEWORK_EXECUTABLE_PATH-$ARCH\"\n        EXTRACTED_ARCHS+=(\"$FRAMEWORK_EXECUTABLE_PATH-$ARCH\")\n    done\n\n    echo \"Merging extracted architectures: ${ARCHS}\"\n    lipo -o \"$FRAMEWORK_EXECUTABLE_PATH-merged\" -create \"${EXTRACTED_ARCHS[@]}\"\n    rm \"${EXTRACTED_ARCHS[@]}\"\n\n    echo \"Replacing original executable with thinned version\"\n    rm \"$FRAMEWORK_EXECUTABLE_PATH\"\n    mv \"$FRAMEWORK_EXECUTABLE_PATH-merged\" \"$FRAMEWORK_EXECUTABLE_PATH\"\n\ndone\n";
		};
/* End PBXShellScriptBuildPhase section */

/* Begin PBXSourcesBuildPhase section */
		9C777D53241B9022006FFE25 /* Sources */ = {
			isa = PBXSourcesBuildPhase;
			buildActionMask = 2147483647;
			files = (
				9CEB7797250F4A42004AC1D6 /* MainTabbarController.swift in Sources */,
				9CDDA30324B47FF200F77A59 /* CustomUserCell.swift in Sources */,
				9C777D5F241B9022006FFE25 /* ViewController.swift in Sources */,
				9CED4D1324ADE41200D81B10 /* ChannelSettingsCustomManager.swift in Sources */,
				9CC8E2F52510C53A00C038A5 /* MySettingsCell.swift in Sources */,
				9CED4D0524ADA20B00D81B10 /* GlobalSetCustomManager.swift in Sources */,
				9CED4D0B24ADE36100D81B10 /* ChannelListVC_Overriding.swift in Sources */,
				9CDDA31D24BEF1A300F77A59 /* UIcolor+Ext.swift in Sources */,
				9CED4D1524ADE41B00D81B10 /* CreateChannelCustomManager.swift in Sources */,
				9CDDA31B24B720A300F77A59 /* ChannelVC_Overriding.swift in Sources */,
				9CED4D1C24ADE69900D81B10 /* CustomChannelListCell.swift in Sources */,
				9C56414C24AF29C00057B529 /* CustomSampleEnums.swift in Sources */,
				9C56415424AF99E70057B529 /* ChannelVC_MessageParam.swift in Sources */,
				9CEB7796250F4A42004AC1D6 /* MySettingsViewController.swift in Sources */,
				9CEB77A0250F7948004AC1D6 /* UserInfoTitleView.swift in Sources */,
				9C32648724B39090000F8313 /* InviteUserVC_UserList.swift in Sources */,
				9C32648324B38FAF000F8313 /* ChannelSettingsVC_Overriding.swift in Sources */,
				9C32648124B37DD2000F8313 /* CustomUserMessageCell.swift in Sources */,
				9CEB7799250F5E2F004AC1D6 /* ChannelListViewController.swift in Sources */,
				9CDDA30924B4DCF500F77A59 /* InviteUserVC_Cell.swift in Sources */,
				9C32648524B3907E000F8313 /* CreateChannelVC_UserList.swift in Sources */,
				9CED4D1124ADE40700D81B10 /* ChannelCustomManager.swift in Sources */,
				9CDDA30524B4DA8600F77A59 /* MemberListVC_Cell.swift in Sources */,
				9C777D5B241B9022006FFE25 /* AppDelegate.swift in Sources */,
				9CDDA31724B6F39700F77A59 /* CustomNewMessageInfo.swift in Sources */,
				9CED4D0724ADA66200D81B10 /* UserDefaults+Ext.swift in Sources */,
				9CED4CF024AC817400D81B10 /* UIView+Ext.swift in Sources */,
				9CED4CF424AC86BB00D81B10 /* CustomBaseViewController.swift in Sources */,
				9CDDA30724B4DA9000F77A59 /* MemberListVC_Overriding.swift in Sources */,
				9CED4D1F24AF02D800D81B10 /* SampleManager.swift in Sources */,
				9CED4D1724ADE42200D81B10 /* InviteUserCustomManager.swift in Sources */,
				9CED4D1924ADE42A00D81B10 /* MemberListCustomManager.swift in Sources */,
				9CED4D0F24ADE3F800D81B10 /* ChannelListCustomManager.swift in Sources */,
				9CDDA30D24B555E500F77A59 /* CustomEmptyView.swift in Sources */,
				9CDDA31924B714A700F77A59 /* BaseCustomManager.swift in Sources */,
				9CEB779B250F62A8004AC1D6 /* UIImage+Ext.swift in Sources */,
				9CDDA30B24B4DE0600F77A59 /* CreateChannelVC_Cell.swift in Sources */,
				9CED4CF224AC81E200D81B10 /* UILabel+Ext.swift in Sources */,
			);
			runOnlyForDeploymentPostprocessing = 0;
		};
/* End PBXSourcesBuildPhase section */

/* Begin PBXVariantGroup section */
		9C777D60241B9022006FFE25 /* Main.storyboard */ = {
			isa = PBXVariantGroup;
			children = (
				9C777D61241B9022006FFE25 /* Base */,
			);
			name = Main.storyboard;
			sourceTree = "<group>";
		};
		9C777D65241B9024006FFE25 /* LaunchScreen.storyboard */ = {
			isa = PBXVariantGroup;
			children = (
				9C777D66241B9024006FFE25 /* Base */,
			);
			name = LaunchScreen.storyboard;
			sourceTree = "<group>";
		};
/* End PBXVariantGroup section */

/* Begin XCBuildConfiguration section */
		9C777D69241B9024006FFE25 /* Debug */ = {
			isa = XCBuildConfiguration;
			buildSettings = {
				ALWAYS_SEARCH_USER_PATHS = NO;
				CLANG_ANALYZER_NONNULL = YES;
				CLANG_ANALYZER_NUMBER_OBJECT_CONVERSION = YES_AGGRESSIVE;
				CLANG_CXX_LANGUAGE_STANDARD = "gnu++14";
				CLANG_CXX_LIBRARY = "libc++";
				CLANG_ENABLE_MODULES = YES;
				CLANG_ENABLE_OBJC_ARC = YES;
				CLANG_ENABLE_OBJC_WEAK = YES;
				CLANG_WARN_BLOCK_CAPTURE_AUTORELEASING = YES;
				CLANG_WARN_BOOL_CONVERSION = YES;
				CLANG_WARN_COMMA = YES;
				CLANG_WARN_CONSTANT_CONVERSION = YES;
				CLANG_WARN_DEPRECATED_OBJC_IMPLEMENTATIONS = YES;
				CLANG_WARN_DIRECT_OBJC_ISA_USAGE = YES_ERROR;
				CLANG_WARN_DOCUMENTATION_COMMENTS = YES;
				CLANG_WARN_EMPTY_BODY = YES;
				CLANG_WARN_ENUM_CONVERSION = YES;
				CLANG_WARN_INFINITE_RECURSION = YES;
				CLANG_WARN_INT_CONVERSION = YES;
				CLANG_WARN_NON_LITERAL_NULL_CONVERSION = YES;
				CLANG_WARN_OBJC_IMPLICIT_RETAIN_SELF = YES;
				CLANG_WARN_OBJC_LITERAL_CONVERSION = YES;
				CLANG_WARN_OBJC_ROOT_CLASS = YES_ERROR;
				CLANG_WARN_RANGE_LOOP_ANALYSIS = YES;
				CLANG_WARN_STRICT_PROTOTYPES = YES;
				CLANG_WARN_SUSPICIOUS_MOVE = YES;
				CLANG_WARN_UNGUARDED_AVAILABILITY = YES_AGGRESSIVE;
				CLANG_WARN_UNREACHABLE_CODE = YES;
				CLANG_WARN__DUPLICATE_METHOD_MATCH = YES;
				COPY_PHASE_STRIP = NO;
				DEBUG_INFORMATION_FORMAT = dwarf;
				ENABLE_STRICT_OBJC_MSGSEND = YES;
				ENABLE_TESTABILITY = YES;
				GCC_C_LANGUAGE_STANDARD = gnu11;
				GCC_DYNAMIC_NO_PIC = NO;
				GCC_NO_COMMON_BLOCKS = YES;
				GCC_OPTIMIZATION_LEVEL = 0;
				GCC_PREPROCESSOR_DEFINITIONS = (
					"DEBUG=1",
					"$(inherited)",
				);
				GCC_WARN_64_TO_32_BIT_CONVERSION = YES;
				GCC_WARN_ABOUT_RETURN_TYPE = YES_ERROR;
				GCC_WARN_UNDECLARED_SELECTOR = YES;
				GCC_WARN_UNINITIALIZED_AUTOS = YES_AGGRESSIVE;
				GCC_WARN_UNUSED_FUNCTION = YES;
				GCC_WARN_UNUSED_VARIABLE = YES;
				IPHONEOS_DEPLOYMENT_TARGET = 10.3;
				MTL_ENABLE_DEBUG_INFO = INCLUDE_SOURCE;
				MTL_FAST_MATH = YES;
				ONLY_ACTIVE_ARCH = YES;
				SDKROOT = iphoneos;
				SWIFT_ACTIVE_COMPILATION_CONDITIONS = DEBUG;
				SWIFT_OPTIMIZATION_LEVEL = "-Onone";
			};
			name = Debug;
		};
		9C777D6A241B9024006FFE25 /* Release */ = {
			isa = XCBuildConfiguration;
			buildSettings = {
				ALWAYS_SEARCH_USER_PATHS = NO;
				CLANG_ANALYZER_NONNULL = YES;
				CLANG_ANALYZER_NUMBER_OBJECT_CONVERSION = YES_AGGRESSIVE;
				CLANG_CXX_LANGUAGE_STANDARD = "gnu++14";
				CLANG_CXX_LIBRARY = "libc++";
				CLANG_ENABLE_MODULES = YES;
				CLANG_ENABLE_OBJC_ARC = YES;
				CLANG_ENABLE_OBJC_WEAK = YES;
				CLANG_WARN_BLOCK_CAPTURE_AUTORELEASING = YES;
				CLANG_WARN_BOOL_CONVERSION = YES;
				CLANG_WARN_COMMA = YES;
				CLANG_WARN_CONSTANT_CONVERSION = YES;
				CLANG_WARN_DEPRECATED_OBJC_IMPLEMENTATIONS = YES;
				CLANG_WARN_DIRECT_OBJC_ISA_USAGE = YES_ERROR;
				CLANG_WARN_DOCUMENTATION_COMMENTS = YES;
				CLANG_WARN_EMPTY_BODY = YES;
				CLANG_WARN_ENUM_CONVERSION = YES;
				CLANG_WARN_INFINITE_RECURSION = YES;
				CLANG_WARN_INT_CONVERSION = YES;
				CLANG_WARN_NON_LITERAL_NULL_CONVERSION = YES;
				CLANG_WARN_OBJC_IMPLICIT_RETAIN_SELF = YES;
				CLANG_WARN_OBJC_LITERAL_CONVERSION = YES;
				CLANG_WARN_OBJC_ROOT_CLASS = YES_ERROR;
				CLANG_WARN_RANGE_LOOP_ANALYSIS = YES;
				CLANG_WARN_STRICT_PROTOTYPES = YES;
				CLANG_WARN_SUSPICIOUS_MOVE = YES;
				CLANG_WARN_UNGUARDED_AVAILABILITY = YES_AGGRESSIVE;
				CLANG_WARN_UNREACHABLE_CODE = YES;
				CLANG_WARN__DUPLICATE_METHOD_MATCH = YES;
				COPY_PHASE_STRIP = NO;
				DEBUG_INFORMATION_FORMAT = "dwarf-with-dsym";
				ENABLE_NS_ASSERTIONS = NO;
				ENABLE_STRICT_OBJC_MSGSEND = YES;
				GCC_C_LANGUAGE_STANDARD = gnu11;
				GCC_NO_COMMON_BLOCKS = YES;
				GCC_WARN_64_TO_32_BIT_CONVERSION = YES;
				GCC_WARN_ABOUT_RETURN_TYPE = YES_ERROR;
				GCC_WARN_UNDECLARED_SELECTOR = YES;
				GCC_WARN_UNINITIALIZED_AUTOS = YES_AGGRESSIVE;
				GCC_WARN_UNUSED_FUNCTION = YES;
				GCC_WARN_UNUSED_VARIABLE = YES;
				IPHONEOS_DEPLOYMENT_TARGET = 10.3;
				MTL_ENABLE_DEBUG_INFO = NO;
				MTL_FAST_MATH = YES;
				SDKROOT = iphoneos;
				SWIFT_COMPILATION_MODE = wholemodule;
				SWIFT_OPTIMIZATION_LEVEL = "-O";
				VALIDATE_PRODUCT = YES;
			};
			name = Release;
		};
		9C777D6C241B9024006FFE25 /* Debug */ = {
			isa = XCBuildConfiguration;
			baseConfigurationReference = 7421701286ECCC463A517183 /* Pods-SendBirdUIKit-Sample.debug.xcconfig */;
			buildSettings = {
				ASSETCATALOG_COMPILER_APPICON_NAME = AppIcon;
				BUILD_LIBRARY_FOR_DISTRIBUTION = YES;
				CODE_SIGN_ENTITLEMENTS = "SendBirdUIKit-Sample/SendBirdUIKit-Sample.entitlements";
				CODE_SIGN_STYLE = Automatic;
				COPY_PHASE_STRIP = NO;
				CURRENT_PROJECT_VERSION = 1;
				DEFINES_MODULE = NO;
				DEVELOPMENT_TEAM = RM4A5PXTUX;
				ENABLE_BITCODE = NO;
				FRAMEWORK_SEARCH_PATHS = (
					"$(inherited)",
					"$(PROJECT_DIR)",
					"$(PROJECT_DIR)/Pods/SendBirdSDK",
				);
				INFOPLIST_FILE = "SendBirdUIKit-Sample/Info.plist";
				LD_RUNPATH_SEARCH_PATHS = (
					"$(inherited)",
					"@executable_path/Frameworks",
				);
				MARKETING_VERSION = 1.2.2;
				PRODUCT_BUNDLE_IDENTIFIER = com.sendbird.uikit.sample;
				PRODUCT_NAME = "$(TARGET_NAME)";
				SWIFT_VERSION = 5.0;
				TARGETED_DEVICE_FAMILY = "1,2";
			};
			name = Debug;
		};
		9C777D6D241B9024006FFE25 /* Release */ = {
			isa = XCBuildConfiguration;
			baseConfigurationReference = D9AA853E66DC6613E1CCFB10 /* Pods-SendBirdUIKit-Sample.release.xcconfig */;
			buildSettings = {
				ASSETCATALOG_COMPILER_APPICON_NAME = AppIcon;
				BUILD_LIBRARY_FOR_DISTRIBUTION = YES;
				CODE_SIGN_ENTITLEMENTS = "SendBirdUIKit-Sample/SendBirdUIKit-Sample.entitlements";
				CODE_SIGN_STYLE = Automatic;
				COPY_PHASE_STRIP = NO;
				CURRENT_PROJECT_VERSION = 1;
				DEFINES_MODULE = NO;
				DEVELOPMENT_TEAM = RM4A5PXTUX;
				ENABLE_BITCODE = NO;
				FRAMEWORK_SEARCH_PATHS = (
					"$(inherited)",
					"$(PROJECT_DIR)",
					"$(PROJECT_DIR)/Pods/SendBirdSDK",
				);
				INFOPLIST_FILE = "SendBirdUIKit-Sample/Info.plist";
				LD_RUNPATH_SEARCH_PATHS = (
					"$(inherited)",
					"@executable_path/Frameworks",
				);
				MARKETING_VERSION = 1.2.2;
				PRODUCT_BUNDLE_IDENTIFIER = com.sendbird.uikit.sample;
				PRODUCT_NAME = "$(TARGET_NAME)";
				SWIFT_VERSION = 5.0;
				TARGETED_DEVICE_FAMILY = "1,2";
			};
			name = Release;
		};
/* End XCBuildConfiguration section */

/* Begin XCConfigurationList section */
		9C777D52241B9022006FFE25 /* Build configuration list for PBXProject "SendBirdUIKit-Sample" */ = {
			isa = XCConfigurationList;
			buildConfigurations = (
				9C777D69241B9024006FFE25 /* Debug */,
				9C777D6A241B9024006FFE25 /* Release */,
			);
			defaultConfigurationIsVisible = 0;
			defaultConfigurationName = Release;
		};
		9C777D6B241B9024006FFE25 /* Build configuration list for PBXNativeTarget "SendBirdUIKit-Sample" */ = {
			isa = XCConfigurationList;
			buildConfigurations = (
				9C777D6C241B9024006FFE25 /* Debug */,
				9C777D6D241B9024006FFE25 /* Release */,
			);
			defaultConfigurationIsVisible = 0;
			defaultConfigurationName = Release;
		};
/* End XCConfigurationList section */
	};
	rootObject = 9C777D4F241B9022006FFE25 /* Project object */;
}
